// !$*UTF8*$!
{
	archiveVersion = 1;
	classes = {
	};
	objectVersion = 56;
	objects = {

/* Begin PBXBuildFile section */
		DCE56D0A2C9E1FCC00E78B5F /* AppDelegate.swift in Sources */ = {isa = PBXBuildFile; fileRef = DCE56D092C9E1FCC00E78B5F /* AppDelegate.swift */; };
		DCE56D0C2C9E1FCC00E78B5F /* SceneDelegate.swift in Sources */ = {isa = PBXBuildFile; fileRef = DCE56D0B2C9E1FCC00E78B5F /* SceneDelegate.swift */; };
		DCE56D0E2C9E1FCC00E78B5F /* HomeViewController.swift in Sources */ = {isa = PBXBuildFile; fileRef = DCE56D0D2C9E1FCC00E78B5F /* HomeViewController.swift */; };
		DCE56D112C9E1FCC00E78B5F /* Base in Resources */ = {isa = PBXBuildFile; fileRef = DCE56D102C9E1FCC00E78B5F /* Base */; };
		DCE56D132C9E1FD200E78B5F /* Assets.xcassets in Resources */ = {isa = PBXBuildFile; fileRef = DCE56D122C9E1FD200E78B5F /* Assets.xcassets */; };
		DCE56D162C9E1FD200E78B5F /* Base in Resources */ = {isa = PBXBuildFile; fileRef = DCE56D152C9E1FD200E78B5F /* Base */; };
		DCE56D252C9E214C00E78B5F /* ExpolreVC.swift in Sources */ = {isa = PBXBuildFile; fileRef = DCE56D242C9E214C00E78B5F /* ExpolreVC.swift */; };
		DCE56D272C9E216500E78B5F /* CameraVC.swift in Sources */ = {isa = PBXBuildFile; fileRef = DCE56D262C9E216500E78B5F /* CameraVC.swift */; };
		DCE56D292C9E217900E78B5F /* NotificationVC.swift in Sources */ = {isa = PBXBuildFile; fileRef = DCE56D282C9E217900E78B5F /* NotificationVC.swift */; };
		DCE56D2B2C9E218300E78B5F /* ProfileVc.swift in Sources */ = {isa = PBXBuildFile; fileRef = DCE56D2A2C9E218300E78B5F /* ProfileVc.swift */; };
		DCE56D302C9E21DC00E78B5F /* LoginVC.swift in Sources */ = {isa = PBXBuildFile; fileRef = DCE56D2F2C9E21DC00E78B5F /* LoginVC.swift */; };
		DCE56D322C9E21ED00E78B5F /* RegistrationVC.swift in Sources */ = {isa = PBXBuildFile; fileRef = DCE56D312C9E21ED00E78B5F /* RegistrationVC.swift */; };
		DCE56D342C9E21FB00E78B5F /* PostVC.swift in Sources */ = {isa = PBXBuildFile; fileRef = DCE56D332C9E21FB00E78B5F /* PostVC.swift */; };
		DCE56D362C9E221500E78B5F /* EditProfileVC.swift in Sources */ = {isa = PBXBuildFile; fileRef = DCE56D352C9E221500E78B5F /* EditProfileVC.swift */; };
		DCE56D382C9E222300E78B5F /* SettingsVC.swift in Sources */ = {isa = PBXBuildFile; fileRef = DCE56D372C9E222300E78B5F /* SettingsVC.swift */; };
		DCE56D3A2C9E223B00E78B5F /* ListVC.swift in Sources */ = {isa = PBXBuildFile; fileRef = DCE56D392C9E223B00E78B5F /* ListVC.swift */; };
		DCE56D3C2C9E224200E78B5F /* SearchVC.swift in Sources */ = {isa = PBXBuildFile; fileRef = DCE56D3B2C9E224200E78B5F /* SearchVC.swift */; };
		DCE56D3E2C9E224F00E78B5F /* SearchResultVC.swift in Sources */ = {isa = PBXBuildFile; fileRef = DCE56D3D2C9E224F00E78B5F /* SearchResultVC.swift */; };
		DCE56D402C9E227B00E78B5F /* PostEditorVC.swift in Sources */ = {isa = PBXBuildFile; fileRef = DCE56D3F2C9E227B00E78B5F /* PostEditorVC.swift */; };
		DCE56D422C9E229600E78B5F /* PublishPostVC.swift in Sources */ = {isa = PBXBuildFile; fileRef = DCE56D412C9E229600E78B5F /* PublishPostVC.swift */; };
/* End PBXBuildFile section */

/* Begin PBXFileReference section */
		DCE56D062C9E1FCC00E78B5F /* Instagram_Clone.app */ = {isa = PBXFileReference; explicitFileType = wrapper.application; includeInIndex = 0; path = Instagram_Clone.app; sourceTree = BUILT_PRODUCTS_DIR; };
		DCE56D092C9E1FCC00E78B5F /* AppDelegate.swift */ = {isa = PBXFileReference; lastKnownFileType = sourcecode.swift; path = AppDelegate.swift; sourceTree = "<group>"; };
		DCE56D0B2C9E1FCC00E78B5F /* SceneDelegate.swift */ = {isa = PBXFileReference; lastKnownFileType = sourcecode.swift; path = SceneDelegate.swift; sourceTree = "<group>"; };
		DCE56D0D2C9E1FCC00E78B5F /* HomeViewController.swift */ = {isa = PBXFileReference; lastKnownFileType = sourcecode.swift; path = HomeViewController.swift; sourceTree = "<group>"; };
		DCE56D102C9E1FCC00E78B5F /* Base */ = {isa = PBXFileReference; lastKnownFileType = file.storyboard; name = Base; path = Base.lproj/Main.storyboard; sourceTree = "<group>"; };
		DCE56D122C9E1FD200E78B5F /* Assets.xcassets */ = {isa = PBXFileReference; lastKnownFileType = folder.assetcatalog; path = Assets.xcassets; sourceTree = "<group>"; };
		DCE56D152C9E1FD200E78B5F /* Base */ = {isa = PBXFileReference; lastKnownFileType = file.storyboard; name = Base; path = Base.lproj/LaunchScreen.storyboard; sourceTree = "<group>"; };
		DCE56D172C9E1FD200E78B5F /* Info.plist */ = {isa = PBXFileReference; lastKnownFileType = text.plist.xml; path = Info.plist; sourceTree = "<group>"; };
		DCE56D242C9E214C00E78B5F /* ExpolreVC.swift */ = {isa = PBXFileReference; lastKnownFileType = sourcecode.swift; path = ExpolreVC.swift; sourceTree = "<group>"; };
		DCE56D262C9E216500E78B5F /* CameraVC.swift */ = {isa = PBXFileReference; lastKnownFileType = sourcecode.swift; path = CameraVC.swift; sourceTree = "<group>"; };
		DCE56D282C9E217900E78B5F /* NotificationVC.swift */ = {isa = PBXFileReference; lastKnownFileType = sourcecode.swift; path = NotificationVC.swift; sourceTree = "<group>"; };
		DCE56D2A2C9E218300E78B5F /* ProfileVc.swift */ = {isa = PBXFileReference; lastKnownFileType = sourcecode.swift; path = ProfileVc.swift; sourceTree = "<group>"; };
		DCE56D2F2C9E21DC00E78B5F /* LoginVC.swift */ = {isa = PBXFileReference; lastKnownFileType = sourcecode.swift; path = LoginVC.swift; sourceTree = "<group>"; };
		DCE56D312C9E21ED00E78B5F /* RegistrationVC.swift */ = {isa = PBXFileReference; lastKnownFileType = sourcecode.swift; path = RegistrationVC.swift; sourceTree = "<group>"; };
		DCE56D332C9E21FB00E78B5F /* PostVC.swift */ = {isa = PBXFileReference; lastKnownFileType = sourcecode.swift; path = PostVC.swift; sourceTree = "<group>"; };
		DCE56D352C9E221500E78B5F /* EditProfileVC.swift */ = {isa = PBXFileReference; lastKnownFileType = sourcecode.swift; path = EditProfileVC.swift; sourceTree = "<group>"; };
		DCE56D372C9E222300E78B5F /* SettingsVC.swift */ = {isa = PBXFileReference; lastKnownFileType = sourcecode.swift; path = SettingsVC.swift; sourceTree = "<group>"; };
		DCE56D392C9E223B00E78B5F /* ListVC.swift */ = {isa = PBXFileReference; lastKnownFileType = sourcecode.swift; path = ListVC.swift; sourceTree = "<group>"; };
		DCE56D3B2C9E224200E78B5F /* SearchVC.swift */ = {isa = PBXFileReference; lastKnownFileType = sourcecode.swift; path = SearchVC.swift; sourceTree = "<group>"; };
		DCE56D3D2C9E224F00E78B5F /* SearchResultVC.swift */ = {isa = PBXFileReference; lastKnownFileType = sourcecode.swift; path = SearchResultVC.swift; sourceTree = "<group>"; };
		DCE56D3F2C9E227B00E78B5F /* PostEditorVC.swift */ = {isa = PBXFileReference; lastKnownFileType = sourcecode.swift; path = PostEditorVC.swift; sourceTree = "<group>"; };
		DCE56D412C9E229600E78B5F /* PublishPostVC.swift */ = {isa = PBXFileReference; lastKnownFileType = sourcecode.swift; path = PublishPostVC.swift; sourceTree = "<group>"; };
/* End PBXFileReference section */

/* Begin PBXFrameworksBuildPhase section */
		DCE56D032C9E1FCC00E78B5F /* Frameworks */ = {
			isa = PBXFrameworksBuildPhase;
			buildActionMask = 2147483647;
			files = (
			);
			runOnlyForDeploymentPostprocessing = 0;
		};
/* End PBXFrameworksBuildPhase section */

/* Begin PBXGroup section */
		DCE56CFD2C9E1FCC00E78B5F = {
			isa = PBXGroup;
			children = (
				DCE56D082C9E1FCC00E78B5F /* Instagram_Clone */,
				DCE56D072C9E1FCC00E78B5F /* Products */,
			);
			sourceTree = "<group>";
		};
		DCE56D072C9E1FCC00E78B5F /* Products */ = {
			isa = PBXGroup;
			children = (
				DCE56D062C9E1FCC00E78B5F /* Instagram_Clone.app */,
			);
			name = Products;
			sourceTree = "<group>";
		};
		DCE56D082C9E1FCC00E78B5F /* Instagram_Clone */ = {
			isa = PBXGroup;
			children = (
				DCE56D202C9E209F00E78B5F /* Resources */,
				DCE56D1F2C9E209A00E78B5F /* Models */,
				DCE56D1E2C9E209500E78B5F /* Views */,
				DCE56D1D2C9E208000E78B5F /* Controllers */,
				DCE56D172C9E1FD200E78B5F /* Info.plist */,
			);
			path = Instagram_Clone;
			sourceTree = "<group>";
		};
		DCE56D1D2C9E208000E78B5F /* Controllers */ = {
			isa = PBXGroup;
			children = (
				DCE56D2D2C9E21C300E78B5F /* Other */,
				DCE56D2C2C9E219600E78B5F /* Core Tabs */,
			);
			path = Controllers;
			sourceTree = "<group>";
		};
		DCE56D1E2C9E209500E78B5F /* Views */ = {
			isa = PBXGroup;
			children = (
				DCE56D232C9E20F100E78B5F /* programmatic Views */,
				DCE56D222C9E20DA00E78B5F /* Storyboards */,
			);
			path = Views;
			sourceTree = "<group>";
		};
		DCE56D1F2C9E209A00E78B5F /* Models */ = {
			isa = PBXGroup;
			children = (
			);
			path = Models;
			sourceTree = "<group>";
		};
		DCE56D202C9E209F00E78B5F /* Resources */ = {
			isa = PBXGroup;
			children = (
				DCE56D122C9E1FD200E78B5F /* Assets.xcassets */,
				DCE56D092C9E1FCC00E78B5F /* AppDelegate.swift */,
				DCE56D0B2C9E1FCC00E78B5F /* SceneDelegate.swift */,
			);
			path = Resources;
			sourceTree = "<group>";
		};
		DCE56D222C9E20DA00E78B5F /* Storyboards */ = {
			isa = PBXGroup;
			children = (
				DCE56D0F2C9E1FCC00E78B5F /* Main.storyboard */,
				DCE56D142C9E1FD200E78B5F /* LaunchScreen.storyboard */,
			);
			path = Storyboards;
			sourceTree = "<group>";
		};
		DCE56D232C9E20F100E78B5F /* programmatic Views */ = {
			isa = PBXGroup;
			children = (
			);
			path = "programmatic Views";
			sourceTree = "<group>";
		};
		DCE56D2C2C9E219600E78B5F /* Core Tabs */ = {
			isa = PBXGroup;
			children = (
				DCE56D0D2C9E1FCC00E78B5F /* HomeViewController.swift */,
				DCE56D242C9E214C00E78B5F /* ExpolreVC.swift */,
				DCE56D262C9E216500E78B5F /* CameraVC.swift */,
				DCE56D282C9E217900E78B5F /* NotificationVC.swift */,
				DCE56D2A2C9E218300E78B5F /* ProfileVc.swift */,
			);
			path = "Core Tabs";
			sourceTree = "<group>";
		};
		DCE56D2D2C9E21C300E78B5F /* Other */ = {
			isa = PBXGroup;
			children = (
				DCE56D2E2C9E21CA00E78B5F /* Onboarding */,
				DCE56D332C9E21FB00E78B5F /* PostVC.swift */,
				DCE56D352C9E221500E78B5F /* EditProfileVC.swift */,
				DCE56D372C9E222300E78B5F /* SettingsVC.swift */,
				DCE56D392C9E223B00E78B5F /* ListVC.swift */,
				DCE56D3B2C9E224200E78B5F /* SearchVC.swift */,
				DCE56D3D2C9E224F00E78B5F /* SearchResultVC.swift */,
				DCE56D3F2C9E227B00E78B5F /* PostEditorVC.swift */,
				DCE56D412C9E229600E78B5F /* PublishPostVC.swift */,
			);
			path = Other;
			sourceTree = "<group>";
		};
		DCE56D2E2C9E21CA00E78B5F /* Onboarding */ = {
			isa = PBXGroup;
			children = (
				DCE56D2F2C9E21DC00E78B5F /* LoginVC.swift */,
				DCE56D312C9E21ED00E78B5F /* RegistrationVC.swift */,
			);
			path = Onboarding;
			sourceTree = "<group>";
		};
/* End PBXGroup section */

/* Begin PBXNativeTarget section */
		DCE56D052C9E1FCC00E78B5F /* Instagram_Clone */ = {
			isa = PBXNativeTarget;
			buildConfigurationList = DCE56D1A2C9E1FD200E78B5F /* Build configuration list for PBXNativeTarget "Instagram_Clone" */;
			buildPhases = (
				DCE56D022C9E1FCC00E78B5F /* Sources */,
				DCE56D032C9E1FCC00E78B5F /* Frameworks */,
				DCE56D042C9E1FCC00E78B5F /* Resources */,
			);
			buildRules = (
			);
			dependencies = (
			);
			name = Instagram_Clone;
			productName = Instagram_Clone;
			productReference = DCE56D062C9E1FCC00E78B5F /* Instagram_Clone.app */;
			productType = "com.apple.product-type.application";
		};
/* End PBXNativeTarget section */

/* Begin PBXProject section */
		DCE56CFE2C9E1FCC00E78B5F /* Project object */ = {
			isa = PBXProject;
			attributes = {
				BuildIndependentTargetsInParallel = 1;
				LastSwiftUpdateCheck = 1540;
				LastUpgradeCheck = 1540;
				TargetAttributes = {
					DCE56D052C9E1FCC00E78B5F = {
						CreatedOnToolsVersion = 15.4;
					};
				};
			};
			buildConfigurationList = DCE56D012C9E1FCC00E78B5F /* Build configuration list for PBXProject "Instagram_Clone" */;
			compatibilityVersion = "Xcode 14.0";
			developmentRegion = en;
			hasScannedForEncodings = 0;
			knownRegions = (
				en,
				Base,
			);
			mainGroup = DCE56CFD2C9E1FCC00E78B5F;
			productRefGroup = DCE56D072C9E1FCC00E78B5F /* Products */;
			projectDirPath = "";
			projectRoot = "";
			targets = (
				DCE56D052C9E1FCC00E78B5F /* Instagram_Clone */,
			);
		};
/* End PBXProject section */

/* Begin PBXResourcesBuildPhase section */
		DCE56D042C9E1FCC00E78B5F /* Resources */ = {
			isa = PBXResourcesBuildPhase;
			buildActionMask = 2147483647;
			files = (
				DCE56D132C9E1FD200E78B5F /* Assets.xcassets in Resources */,
				DCE56D162C9E1FD200E78B5F /* Base in Resources */,
				DCE56D112C9E1FCC00E78B5F /* Base in Resources */,
			);
			runOnlyForDeploymentPostprocessing = 0;
		};
/* End PBXResourcesBuildPhase section */

/* Begin PBXSourcesBuildPhase section */
		DCE56D022C9E1FCC00E78B5F /* Sources */ = {
			isa = PBXSourcesBuildPhase;
			buildActionMask = 2147483647;
			files = (
				DCE56D0E2C9E1FCC00E78B5F /* HomeViewController.swift in Sources */,
				DCE56D3A2C9E223B00E78B5F /* ListVC.swift in Sources */,
				DCE56D292C9E217900E78B5F /* NotificationVC.swift in Sources */,
				DCE56D402C9E227B00E78B5F /* PostEditorVC.swift in Sources */,
				DCE56D422C9E229600E78B5F /* PublishPostVC.swift in Sources */,
				DCE56D302C9E21DC00E78B5F /* LoginVC.swift in Sources */,
				DCE56D0A2C9E1FCC00E78B5F /* AppDelegate.swift in Sources */,
				DCE56D342C9E21FB00E78B5F /* PostVC.swift in Sources */,
				DCE56D3C2C9E224200E78B5F /* SearchVC.swift in Sources */,
				DCE56D382C9E222300E78B5F /* SettingsVC.swift in Sources */,
				DCE56D322C9E21ED00E78B5F /* RegistrationVC.swift in Sources */,
				DCE56D3E2C9E224F00E78B5F /* SearchResultVC.swift in Sources */,
				DCE56D272C9E216500E78B5F /* CameraVC.swift in Sources */,
				DCE56D252C9E214C00E78B5F /* ExpolreVC.swift in Sources */,
				DCE56D0C2C9E1FCC00E78B5F /* SceneDelegate.swift in Sources */,
				DCE56D2B2C9E218300E78B5F /* ProfileVc.swift in Sources */,
				DCE56D362C9E221500E78B5F /* EditProfileVC.swift in Sources */,
			);
			runOnlyForDeploymentPostprocessing = 0;
		};
/* End PBXSourcesBuildPhase section */

/* Begin PBXVariantGroup section */
		DCE56D0F2C9E1FCC00E78B5F /* Main.storyboard */ = {
			isa = PBXVariantGroup;
			children = (
				DCE56D102C9E1FCC00E78B5F /* Base */,
			);
			name = Main.storyboard;
			sourceTree = "<group>";
		};
		DCE56D142C9E1FD200E78B5F /* LaunchScreen.storyboard */ = {
			isa = PBXVariantGroup;
			children = (
				DCE56D152C9E1FD200E78B5F /* Base */,
			);
			name = LaunchScreen.storyboard;
			sourceTree = "<group>";
		};
/* End PBXVariantGroup section */

/* Begin XCBuildConfiguration section */
		DCE56D182C9E1FD200E78B5F /* Debug */ = {
			isa = XCBuildConfiguration;
			buildSettings = {
				ALWAYS_SEARCH_USER_PATHS = NO;
				ASSETCATALOG_COMPILER_GENERATE_SWIFT_ASSET_SYMBOL_EXTENSIONS = YES;
				CLANG_ANALYZER_NONNULL = YES;
				CLANG_ANALYZER_NUMBER_OBJECT_CONVERSION = YES_AGGRESSIVE;
				CLANG_CXX_LANGUAGE_STANDARD = "gnu++20";
				CLANG_ENABLE_MODULES = YES;
				CLANG_ENABLE_OBJC_ARC = YES;
				CLANG_ENABLE_OBJC_WEAK = YES;
				CLANG_WARN_BLOCK_CAPTURE_AUTORELEASING = YES;
				CLANG_WARN_BOOL_CONVERSION = YES;
				CLANG_WARN_COMMA = YES;
				CLANG_WARN_CONSTANT_CONVERSION = YES;
				CLANG_WARN_DEPRECATED_OBJC_IMPLEMENTATIONS = YES;
				CLANG_WARN_DIRECT_OBJC_ISA_USAGE = YES_ERROR;
				CLANG_WARN_DOCUMENTATION_COMMENTS = YES;
				CLANG_WARN_EMPTY_BODY = YES;
				CLANG_WARN_ENUM_CONVERSION = YES;
				CLANG_WARN_INFINITE_RECURSION = YES;
				CLANG_WARN_INT_CONVERSION = YES;
				CLANG_WARN_NON_LITERAL_NULL_CONVERSION = YES;
				CLANG_WARN_OBJC_IMPLICIT_RETAIN_SELF = YES;
				CLANG_WARN_OBJC_LITERAL_CONVERSION = YES;
				CLANG_WARN_OBJC_ROOT_CLASS = YES_ERROR;
				CLANG_WARN_QUOTED_INCLUDE_IN_FRAMEWORK_HEADER = YES;
				CLANG_WARN_RANGE_LOOP_ANALYSIS = YES;
				CLANG_WARN_STRICT_PROTOTYPES = YES;
				CLANG_WARN_SUSPICIOUS_MOVE = YES;
				CLANG_WARN_UNGUARDED_AVAILABILITY = YES_AGGRESSIVE;
				CLANG_WARN_UNREACHABLE_CODE = YES;
				CLANG_WARN__DUPLICATE_METHOD_MATCH = YES;
				COPY_PHASE_STRIP = NO;
				DEBUG_INFORMATION_FORMAT = dwarf;
				ENABLE_STRICT_OBJC_MSGSEND = YES;
				ENABLE_TESTABILITY = YES;
				ENABLE_USER_SCRIPT_SANDBOXING = YES;
				GCC_C_LANGUAGE_STANDARD = gnu17;
				GCC_DYNAMIC_NO_PIC = NO;
				GCC_NO_COMMON_BLOCKS = YES;
				GCC_OPTIMIZATION_LEVEL = 0;
				GCC_PREPROCESSOR_DEFINITIONS = (
					"DEBUG=1",
					"$(inherited)",
				);
				GCC_WARN_64_TO_32_BIT_CONVERSION = YES;
				GCC_WARN_ABOUT_RETURN_TYPE = YES_ERROR;
				GCC_WARN_UNDECLARED_SELECTOR = YES;
				GCC_WARN_UNINITIALIZED_AUTOS = YES_AGGRESSIVE;
				GCC_WARN_UNUSED_FUNCTION = YES;
				GCC_WARN_UNUSED_VARIABLE = YES;
				IPHONEOS_DEPLOYMENT_TARGET = 17.5;
				LOCALIZATION_PREFERS_STRING_CATALOGS = YES;
				MTL_ENABLE_DEBUG_INFO = INCLUDE_SOURCE;
				MTL_FAST_MATH = YES;
				ONLY_ACTIVE_ARCH = YES;
				SDKROOT = iphoneos;
				SWIFT_ACTIVE_COMPILATION_CONDITIONS = "DEBUG $(inherited)";
				SWIFT_OPTIMIZATION_LEVEL = "-Onone";
			};
			name = Debug;
		};
		DCE56D192C9E1FD200E78B5F /* Release */ = {
			isa = XCBuildConfiguration;
			buildSettings = {
				ALWAYS_SEARCH_USER_PATHS = NO;
				ASSETCATALOG_COMPILER_GENERATE_SWIFT_ASSET_SYMBOL_EXTENSIONS = YES;
				CLANG_ANALYZER_NONNULL = YES;
				CLANG_ANALYZER_NUMBER_OBJECT_CONVERSION = YES_AGGRESSIVE;
				CLANG_CXX_LANGUAGE_STANDARD = "gnu++20";
				CLANG_ENABLE_MODULES = YES;
				CLANG_ENABLE_OBJC_ARC = YES;
				CLANG_ENABLE_OBJC_WEAK = YES;
				CLANG_WARN_BLOCK_CAPTURE_AUTORELEASING = YES;
				CLANG_WARN_BOOL_CONVERSION = YES;
				CLANG_WARN_COMMA = YES;
				CLANG_WARN_CONSTANT_CONVERSION = YES;
				CLANG_WARN_DEPRECATED_OBJC_IMPLEMENTATIONS = YES;
				CLANG_WARN_DIRECT_OBJC_ISA_USAGE = YES_ERROR;
				CLANG_WARN_DOCUMENTATION_COMMENTS = YES;
				CLANG_WARN_EMPTY_BODY = YES;
				CLANG_WARN_ENUM_CONVERSION = YES;
				CLANG_WARN_INFINITE_RECURSION = YES;
				CLANG_WARN_INT_CONVERSION = YES;
				CLANG_WARN_NON_LITERAL_NULL_CONVERSION = YES;
				CLANG_WARN_OBJC_IMPLICIT_RETAIN_SELF = YES;
				CLANG_WARN_OBJC_LITERAL_CONVERSION = YES;
				CLANG_WARN_OBJC_ROOT_CLASS = YES_ERROR;
				CLANG_WARN_QUOTED_INCLUDE_IN_FRAMEWORK_HEADER = YES;
				CLANG_WARN_RANGE_LOOP_ANALYSIS = YES;
				CLANG_WARN_STRICT_PROTOTYPES = YES;
				CLANG_WARN_SUSPICIOUS_MOVE = YES;
				CLANG_WARN_UNGUARDED_AVAILABILITY = YES_AGGRESSIVE;
				CLANG_WARN_UNREACHABLE_CODE = YES;
				CLANG_WARN__DUPLICATE_METHOD_MATCH = YES;
				COPY_PHASE_STRIP = NO;
				DEBUG_INFORMATION_FORMAT = "dwarf-with-dsym";
				ENABLE_NS_ASSERTIONS = NO;
				ENABLE_STRICT_OBJC_MSGSEND = YES;
				ENABLE_USER_SCRIPT_SANDBOXING = YES;
				GCC_C_LANGUAGE_STANDARD = gnu17;
				GCC_NO_COMMON_BLOCKS = YES;
				GCC_WARN_64_TO_32_BIT_CONVERSION = YES;
				GCC_WARN_ABOUT_RETURN_TYPE = YES_ERROR;
				GCC_WARN_UNDECLARED_SELECTOR = YES;
				GCC_WARN_UNINITIALIZED_AUTOS = YES_AGGRESSIVE;
				GCC_WARN_UNUSED_FUNCTION = YES;
				GCC_WARN_UNUSED_VARIABLE = YES;
				IPHONEOS_DEPLOYMENT_TARGET = 17.5;
				LOCALIZATION_PREFERS_STRING_CATALOGS = YES;
				MTL_ENABLE_DEBUG_INFO = NO;
				MTL_FAST_MATH = YES;
				SDKROOT = iphoneos;
				SWIFT_COMPILATION_MODE = wholemodule;
				VALIDATE_PRODUCT = YES;
			};
			name = Release;
		};
		DCE56D1B2C9E1FD200E78B5F /* Debug */ = {
			isa = XCBuildConfiguration;
			buildSettings = {
				ASSETCATALOG_COMPILER_APPICON_NAME = AppIcon;
				ASSETCATALOG_COMPILER_GLOBAL_ACCENT_COLOR_NAME = AccentColor;
				CODE_SIGN_STYLE = Automatic;
				CURRENT_PROJECT_VERSION = 1;
				DEVELOPMENT_TEAM = XU8Q77LPJV;
				GENERATE_INFOPLIST_FILE = YES;
				INFOPLIST_FILE = Instagram_Clone/Info.plist;
				INFOPLIST_KEY_UIApplicationSupportsIndirectInputEvents = YES;
				INFOPLIST_KEY_UILaunchStoryboardName = LaunchScreen;
				INFOPLIST_KEY_UIMainStoryboardFile = Main;
				INFOPLIST_KEY_UISupportedInterfaceOrientations_iPad = "UIInterfaceOrientationPortrait UIInterfaceOrientationPortraitUpsideDown UIInterfaceOrientationLandscapeLeft UIInterfaceOrientationLandscapeRight";
				INFOPLIST_KEY_UISupportedInterfaceOrientations_iPhone = "UIInterfaceOrientationPortrait UIInterfaceOrientationLandscapeLeft UIInterfaceOrientationLandscapeRight";
				LD_RUNPATH_SEARCH_PATHS = (
					"$(inherited)",
					"@executable_path/Frameworks",
				);
				MARKETING_VERSION = 1.0;
				PRODUCT_BUNDLE_IDENTIFIER = "com.ZiyadQassem.Instagram-Clone";
				PRODUCT_NAME = "$(TARGET_NAME)";
				SWIFT_EMIT_LOC_STRINGS = YES;
				SWIFT_VERSION = 5.0;
				TARGETED_DEVICE_FAMILY = "1,2";
			};
			name = Debug;
		};
		DCE56D1C2C9E1FD200E78B5F /* Release */ = {
			isa = XCBuildConfiguration;
			buildSettings = {
				ASSETCATALOG_COMPILER_APPICON_NAME = AppIcon;
				ASSETCATALOG_COMPILER_GLOBAL_ACCENT_COLOR_NAME = AccentColor;
				CODE_SIGN_STYLE = Automatic;
				CURRENT_PROJECT_VERSION = 1;
				DEVELOPMENT_TEAM = XU8Q77LPJV;
				GENERATE_INFOPLIST_FILE = YES;
				INFOPLIST_FILE = Instagram_Clone/Info.plist;
				INFOPLIST_KEY_UIApplicationSupportsIndirectInputEvents = YES;
				INFOPLIST_KEY_UILaunchStoryboardName = LaunchScreen;
				INFOPLIST_KEY_UIMainStoryboardFile = Main;
				INFOPLIST_KEY_UISupportedInterfaceOrientations_iPad = "UIInterfaceOrientationPortrait UIInterfaceOrientationPortraitUpsideDown UIInterfaceOrientationLandscapeLeft UIInterfaceOrientationLandscapeRight";
				INFOPLIST_KEY_UISupportedInterfaceOrientations_iPhone = "UIInterfaceOrientationPortrait UIInterfaceOrientationLandscapeLeft UIInterfaceOrientationLandscapeRight";
				LD_RUNPATH_SEARCH_PATHS = (
					"$(inherited)",
					"@executable_path/Frameworks",
				);
				MARKETING_VERSION = 1.0;
				PRODUCT_BUNDLE_IDENTIFIER = "com.ZiyadQassem.Instagram-Clone";
				PRODUCT_NAME = "$(TARGET_NAME)";
				SWIFT_EMIT_LOC_STRINGS = YES;
				SWIFT_VERSION = 5.0;
				TARGETED_DEVICE_FAMILY = "1,2";
			};
			name = Release;
		};
/* End XCBuildConfiguration section */

/* Begin XCConfigurationList section */
		DCE56D012C9E1FCC00E78B5F /* Build configuration list for PBXProject "Instagram_Clone" */ = {
			isa = XCConfigurationList;
			buildConfigurations = (
				DCE56D182C9E1FD200E78B5F /* Debug */,
				DCE56D192C9E1FD200E78B5F /* Release */,
			);
			defaultConfigurationIsVisible = 0;
			defaultConfigurationName = Release;
		};
		DCE56D1A2C9E1FD200E78B5F /* Build configuration list for PBXNativeTarget "Instagram_Clone" */ = {
			isa = XCConfigurationList;
			buildConfigurations = (
				DCE56D1B2C9E1FD200E78B5F /* Debug */,
				DCE56D1C2C9E1FD200E78B5F /* Release */,
			);
			defaultConfigurationIsVisible = 0;
			defaultConfigurationName = Release;
		};
/* End XCConfigurationList section */
	};
	rootObject = DCE56CFE2C9E1FCC00E78B5F /* Project object */;
}
